
Microsoft Visual Studio Solution File, Format Version 12.00
# Visual Studio Version 16
VisualStudioVersion = 16.0.30225.117
MinimumVisualStudioVersion = 10.0.40219.1
Project("{FAE04EC0-301F-11D3-BF4B-00C04F79EFBC}") = "Alchematic", "Alchematic\Alchematic.csproj", "{81B16565-EB6C-4D2D-82F4-9637EB9BD620}"
EndProject
Global
	GlobalSection(SolutionConfigurationPlatforms) = preSolution
		Debug|Any CPU = Debug|Any CPU
		Release|Any CPU = Release|Any CPU
	EndGlobalSection
	GlobalSection(ProjectConfigurationPlatforms) = postSolution
		{81B16565-EB6C-4D2D-82F4-9637EB9BD620}.Debug|Any CPU.ActiveCfg = Debug|Any CPU
		{81B16565-EB6C-4D2D-82F4-9637EB9BD620}.Debug|Any CPU.Build.0 = Debug|Any CPU
		{81B16565-EB6C-4D2D-82F4-9637EB9BD620}.Release|Any CPU.ActiveCfg = Release|Any CPU
		{81B16565-EB6C-4D2D-82F4-9637EB9BD620}.Release|Any CPU.Build.0 = Release|Any CPU
	EndGlobalSection
	GlobalSection(SolutionProperties) = preSolution
		HideSolutionNode = FALSE
	EndGlobalSection
	GlobalSection(ExtensibilityGlobals) = postSolution
		SolutionGuid = {3A05D109-BF05-424D-B716-A4538A1EDEA7}
	EndGlobalSection
EndGlobal
